
Microsoft Visual Studio Solution File, Format Version 12.00
# Visual Studio Version 16
VisualStudioVersion = 16.0.31729.503
MinimumVisualStudioVersion = 10.0.40219.1
Project("{FAE04EC0-301F-11D3-BF4B-00C04F79EFBC}") = "CopyGroupPlugin", "CopyGroupPlugin\CopyGroupPlugin.csproj", "{9232F9F2-E9D4-4692-9FBF-7543CDEBBFFE}"
EndProject
Global
	GlobalSection(SolutionConfigurationPlatforms) = preSolution
		Debug|Any CPU = Debug|Any CPU
		Release|Any CPU = Release|Any CPU
	EndGlobalSection
	GlobalSection(ProjectConfigurationPlatforms) = postSolution
		{9232F9F2-E9D4-4692-9FBF-7543CDEBBFFE}.Debug|Any CPU.ActiveCfg = Debug|Any CPU
		{9232F9F2-E9D4-4692-9FBF-7543CDEBBFFE}.Debug|Any CPU.Build.0 = Debug|Any CPU
		{9232F9F2-E9D4-4692-9FBF-7543CDEBBFFE}.Release|Any CPU.ActiveCfg = Release|Any CPU
		{9232F9F2-E9D4-4692-9FBF-7543CDEBBFFE}.Release|Any CPU.Build.0 = Release|Any CPU
	EndGlobalSection
	GlobalSection(SolutionProperties) = preSolution
		HideSolutionNode = FALSE
	EndGlobalSection
	GlobalSection(ExtensibilityGlobals) = postSolution
		SolutionGuid = {4048446E-788D-4708-8B18-6DB3AD135064}
	EndGlobalSection
EndGlobal
